// !$*UTF8*$!
{
	archiveVersion = 1;
	classes = {
	};
	objectVersion = 55;
	objects = {

/* Begin PBXBuildFile section */
		53E6520AB6585F7C1D72B9F4 /* Pods_ArticlesApp_ArticlesAppUITests.framework in Frameworks */ = {isa = PBXBuildFile; fileRef = 73A22F359A6690562EDF28F9 /* Pods_ArticlesApp_ArticlesAppUITests.framework */; };
		CFF3535FF98F5CC4778E51E8 /* Pods_ArticlesAppTests.framework in Frameworks */ = {isa = PBXBuildFile; fileRef = 3759493666312D6BFABDBB25 /* Pods_ArticlesAppTests.framework */; };
		F87A683E27D3463E00F0B2CB /* AppDelegate.swift in Sources */ = {isa = PBXBuildFile; fileRef = F87A683D27D3463E00F0B2CB /* AppDelegate.swift */; };
		F87A684727D3464300F0B2CB /* Assets.xcassets in Resources */ = {isa = PBXBuildFile; fileRef = F87A684627D3464300F0B2CB /* Assets.xcassets */; };
		F87A684A27D3464300F0B2CB /* LaunchScreen.storyboard in Resources */ = {isa = PBXBuildFile; fileRef = F87A684827D3464300F0B2CB /* LaunchScreen.storyboard */; };
		F87A685527D3464400F0B2CB /* ArticlesAppTests.swift in Sources */ = {isa = PBXBuildFile; fileRef = F87A685427D3464400F0B2CB /* ArticlesAppTests.swift */; };
		F87A685F27D3464500F0B2CB /* ArticlesAppUITests.swift in Sources */ = {isa = PBXBuildFile; fileRef = F87A685E27D3464500F0B2CB /* ArticlesAppUITests.swift */; };
		F87A686127D3464500F0B2CB /* ArticlesAppUITestsLaunchTests.swift in Sources */ = {isa = PBXBuildFile; fileRef = F87A686027D3464500F0B2CB /* ArticlesAppUITestsLaunchTests.swift */; };
		F87A687327D3499D00F0B2CB /* ArticlesVC.swift in Sources */ = {isa = PBXBuildFile; fileRef = F87A687127D3499D00F0B2CB /* ArticlesVC.swift */; };
		F87A687427D3499D00F0B2CB /* ArticlesVC.xib in Resources */ = {isa = PBXBuildFile; fileRef = F87A687227D3499D00F0B2CB /* ArticlesVC.xib */; };
		F87A687827D349D200F0B2CB /* Navigator.swift in Sources */ = {isa = PBXBuildFile; fileRef = F87A687727D349D200F0B2CB /* Navigator.swift */; };
		F87A687A27D349F500F0B2CB /* Destinations.swift in Sources */ = {isa = PBXBuildFile; fileRef = F87A687927D349F500F0B2CB /* Destinations.swift */; };
		F87A688527D34B0C00F0B2CB /* Loadable.swift in Sources */ = {isa = PBXBuildFile; fileRef = F87A688427D34B0C00F0B2CB /* Loadable.swift */; };
		F87A688927D3527300F0B2CB /* ApiError.swift in Sources */ = {isa = PBXBuildFile; fileRef = F87A688827D3527300F0B2CB /* ApiError.swift */; };
		F87A688B27D3529000F0B2CB /* Constants.swift in Sources */ = {isa = PBXBuildFile; fileRef = F87A688A27D3529000F0B2CB /* Constants.swift */; };
		F87A688D27D352A900F0B2CB /* ApiRouter.swift in Sources */ = {isa = PBXBuildFile; fileRef = F87A688C27D352A900F0B2CB /* ApiRouter.swift */; };
		F87A689027D352CE00F0B2CB /* ApiClient.swift in Sources */ = {isa = PBXBuildFile; fileRef = F87A688F27D352CE00F0B2CB /* ApiClient.swift */; };
		F87A689527D3586B00F0B2CB /* ArticlesModel.swift in Sources */ = {isa = PBXBuildFile; fileRef = F87A689427D3586B00F0B2CB /* ArticlesModel.swift */; };
		F87A689927D358E200F0B2CB /* ArticlesTableViewCell.swift in Sources */ = {isa = PBXBuildFile; fileRef = F87A689727D358E200F0B2CB /* ArticlesTableViewCell.swift */; };
		F87A689A27D358E200F0B2CB /* ArticlesTableViewCell.xib in Resources */ = {isa = PBXBuildFile; fileRef = F87A689827D358E200F0B2CB /* ArticlesTableViewCell.xib */; };
		F87A689C27D35C2A00F0B2CB /* UITableView+Extentions.swift in Sources */ = {isa = PBXBuildFile; fileRef = F87A689B27D35C2A00F0B2CB /* UITableView+Extentions.swift */; };
		F87A689E27D360F100F0B2CB /* ArticlesViewModel.swift in Sources */ = {isa = PBXBuildFile; fileRef = F87A689D27D360F100F0B2CB /* ArticlesViewModel.swift */; };
		F87A68A027D3643600F0B2CB /* ArticlesModelsAPI.swift in Sources */ = {isa = PBXBuildFile; fileRef = F87A689F27D3643600F0B2CB /* ArticlesModelsAPI.swift */; };
		FA2B6F67C57920BC611BB5A4 /* Pods_ArticlesApp.framework in Frameworks */ = {isa = PBXBuildFile; fileRef = 6F5FE73334638265CC03C121 /* Pods_ArticlesApp.framework */; };
/* End PBXBuildFile section */

/* Begin PBXContainerItemProxy section */
		F87A685127D3464400F0B2CB /* PBXContainerItemProxy */ = {
			isa = PBXContainerItemProxy;
			containerPortal = F87A683227D3463D00F0B2CB /* Project object */;
			proxyType = 1;
			remoteGlobalIDString = F87A683927D3463E00F0B2CB;
			remoteInfo = ArticlesApp;
		};
		F87A685B27D3464500F0B2CB /* PBXContainerItemProxy */ = {
			isa = PBXContainerItemProxy;
			containerPortal = F87A683227D3463D00F0B2CB /* Project object */;
			proxyType = 1;
			remoteGlobalIDString = F87A683927D3463E00F0B2CB;
			remoteInfo = ArticlesApp;
		};
/* End PBXContainerItemProxy section */

/* Begin PBXFileReference section */
		0503B67400B98B2DC8D71CFC /* Pods-ArticlesAppTests.release.xcconfig */ = {isa = PBXFileReference; includeInIndex = 1; lastKnownFileType = text.xcconfig; name = "Pods-ArticlesAppTests.release.xcconfig"; path = "Target Support Files/Pods-ArticlesAppTests/Pods-ArticlesAppTests.release.xcconfig"; sourceTree = "<group>"; };
		0508FB6B999D4F4C1B988A49 /* Pods-ArticlesApp.release.xcconfig */ = {isa = PBXFileReference; includeInIndex = 1; lastKnownFileType = text.xcconfig; name = "Pods-ArticlesApp.release.xcconfig"; path = "Target Support Files/Pods-ArticlesApp/Pods-ArticlesApp.release.xcconfig"; sourceTree = "<group>"; };
		3759493666312D6BFABDBB25 /* Pods_ArticlesAppTests.framework */ = {isa = PBXFileReference; explicitFileType = wrapper.framework; includeInIndex = 0; path = Pods_ArticlesAppTests.framework; sourceTree = BUILT_PRODUCTS_DIR; };
		6B05CB7990CB9F35D848C681 /* Pods-ArticlesApp-ArticlesAppUITests.release.xcconfig */ = {isa = PBXFileReference; includeInIndex = 1; lastKnownFileType = text.xcconfig; name = "Pods-ArticlesApp-ArticlesAppUITests.release.xcconfig"; path = "Target Support Files/Pods-ArticlesApp-ArticlesAppUITests/Pods-ArticlesApp-ArticlesAppUITests.release.xcconfig"; sourceTree = "<group>"; };
		6F5FE73334638265CC03C121 /* Pods_ArticlesApp.framework */ = {isa = PBXFileReference; explicitFileType = wrapper.framework; includeInIndex = 0; path = Pods_ArticlesApp.framework; sourceTree = BUILT_PRODUCTS_DIR; };
		73A22F359A6690562EDF28F9 /* Pods_ArticlesApp_ArticlesAppUITests.framework */ = {isa = PBXFileReference; explicitFileType = wrapper.framework; includeInIndex = 0; path = Pods_ArticlesApp_ArticlesAppUITests.framework; sourceTree = BUILT_PRODUCTS_DIR; };
		A45EF0C00A286DAA8E9FE556 /* Pods-ArticlesAppTests.debug.xcconfig */ = {isa = PBXFileReference; includeInIndex = 1; lastKnownFileType = text.xcconfig; name = "Pods-ArticlesAppTests.debug.xcconfig"; path = "Target Support Files/Pods-ArticlesAppTests/Pods-ArticlesAppTests.debug.xcconfig"; sourceTree = "<group>"; };
		A556ECD830871AB769A13B63 /* Pods-ArticlesApp.debug.xcconfig */ = {isa = PBXFileReference; includeInIndex = 1; lastKnownFileType = text.xcconfig; name = "Pods-ArticlesApp.debug.xcconfig"; path = "Target Support Files/Pods-ArticlesApp/Pods-ArticlesApp.debug.xcconfig"; sourceTree = "<group>"; };
		BB15A61BE4C3952A20A34539 /* Pods-ArticlesApp-ArticlesAppUITests.debug.xcconfig */ = {isa = PBXFileReference; includeInIndex = 1; lastKnownFileType = text.xcconfig; name = "Pods-ArticlesApp-ArticlesAppUITests.debug.xcconfig"; path = "Target Support Files/Pods-ArticlesApp-ArticlesAppUITests/Pods-ArticlesApp-ArticlesAppUITests.debug.xcconfig"; sourceTree = "<group>"; };
		F87A683A27D3463E00F0B2CB /* ArticlesApp.app */ = {isa = PBXFileReference; explicitFileType = wrapper.application; includeInIndex = 0; path = ArticlesApp.app; sourceTree = BUILT_PRODUCTS_DIR; };
		F87A683D27D3463E00F0B2CB /* AppDelegate.swift */ = {isa = PBXFileReference; lastKnownFileType = sourcecode.swift; path = AppDelegate.swift; sourceTree = "<group>"; };
		F87A684627D3464300F0B2CB /* Assets.xcassets */ = {isa = PBXFileReference; lastKnownFileType = folder.assetcatalog; path = Assets.xcassets; sourceTree = "<group>"; };
		F87A684927D3464300F0B2CB /* Base */ = {isa = PBXFileReference; lastKnownFileType = file.storyboard; name = Base; path = Base.lproj/LaunchScreen.storyboard; sourceTree = "<group>"; };
		F87A684B27D3464300F0B2CB /* Info.plist */ = {isa = PBXFileReference; lastKnownFileType = text.plist.xml; path = Info.plist; sourceTree = "<group>"; };
		F87A685027D3464400F0B2CB /* ArticlesAppTests.xctest */ = {isa = PBXFileReference; explicitFileType = wrapper.cfbundle; includeInIndex = 0; path = ArticlesAppTests.xctest; sourceTree = BUILT_PRODUCTS_DIR; };
		F87A685427D3464400F0B2CB /* ArticlesAppTests.swift */ = {isa = PBXFileReference; lastKnownFileType = sourcecode.swift; path = ArticlesAppTests.swift; sourceTree = "<group>"; };
		F87A685A27D3464500F0B2CB /* ArticlesAppUITests.xctest */ = {isa = PBXFileReference; explicitFileType = wrapper.cfbundle; includeInIndex = 0; path = ArticlesAppUITests.xctest; sourceTree = BUILT_PRODUCTS_DIR; };
		F87A685E27D3464500F0B2CB /* ArticlesAppUITests.swift */ = {isa = PBXFileReference; lastKnownFileType = sourcecode.swift; path = ArticlesAppUITests.swift; sourceTree = "<group>"; };
		F87A686027D3464500F0B2CB /* ArticlesAppUITestsLaunchTests.swift */ = {isa = PBXFileReference; lastKnownFileType = sourcecode.swift; path = ArticlesAppUITestsLaunchTests.swift; sourceTree = "<group>"; };
		F87A687127D3499D00F0B2CB /* ArticlesVC.swift */ = {isa = PBXFileReference; lastKnownFileType = sourcecode.swift; path = ArticlesVC.swift; sourceTree = "<group>"; };
		F87A687227D3499D00F0B2CB /* ArticlesVC.xib */ = {isa = PBXFileReference; lastKnownFileType = file.xib; path = ArticlesVC.xib; sourceTree = "<group>"; };
		F87A687727D349D200F0B2CB /* Navigator.swift */ = {isa = PBXFileReference; lastKnownFileType = sourcecode.swift; path = Navigator.swift; sourceTree = "<group>"; };
		F87A687927D349F500F0B2CB /* Destinations.swift */ = {isa = PBXFileReference; lastKnownFileType = sourcecode.swift; path = Destinations.swift; sourceTree = "<group>"; };
		F87A688427D34B0C00F0B2CB /* Loadable.swift */ = {isa = PBXFileReference; lastKnownFileType = sourcecode.swift; path = Loadable.swift; sourceTree = "<group>"; };
		F87A688827D3527300F0B2CB /* ApiError.swift */ = {isa = PBXFileReference; lastKnownFileType = sourcecode.swift; path = ApiError.swift; sourceTree = "<group>"; };
		F87A688A27D3529000F0B2CB /* Constants.swift */ = {isa = PBXFileReference; lastKnownFileType = sourcecode.swift; path = Constants.swift; sourceTree = "<group>"; };
		F87A688C27D352A900F0B2CB /* ApiRouter.swift */ = {isa = PBXFileReference; lastKnownFileType = sourcecode.swift; path = ApiRouter.swift; sourceTree = "<group>"; };
		F87A688F27D352CE00F0B2CB /* ApiClient.swift */ = {isa = PBXFileReference; lastKnownFileType = sourcecode.swift; path = ApiClient.swift; sourceTree = "<group>"; };
		F87A689427D3586B00F0B2CB /* ArticlesModel.swift */ = {isa = PBXFileReference; lastKnownFileType = sourcecode.swift; path = ArticlesModel.swift; sourceTree = "<group>"; };
		F87A689727D358E200F0B2CB /* ArticlesTableViewCell.swift */ = {isa = PBXFileReference; lastKnownFileType = sourcecode.swift; path = ArticlesTableViewCell.swift; sourceTree = "<group>"; };
		F87A689827D358E200F0B2CB /* ArticlesTableViewCell.xib */ = {isa = PBXFileReference; lastKnownFileType = file.xib; path = ArticlesTableViewCell.xib; sourceTree = "<group>"; };
		F87A689B27D35C2A00F0B2CB /* UITableView+Extentions.swift */ = {isa = PBXFileReference; lastKnownFileType = sourcecode.swift; path = "UITableView+Extentions.swift"; sourceTree = "<group>"; };
		F87A689D27D360F100F0B2CB /* ArticlesViewModel.swift */ = {isa = PBXFileReference; lastKnownFileType = sourcecode.swift; path = ArticlesViewModel.swift; sourceTree = "<group>"; };
		F87A689F27D3643600F0B2CB /* ArticlesModelsAPI.swift */ = {isa = PBXFileReference; lastKnownFileType = sourcecode.swift; path = ArticlesModelsAPI.swift; sourceTree = "<group>"; };
/* End PBXFileReference section */

/* Begin PBXFrameworksBuildPhase section */
		F87A683727D3463E00F0B2CB /* Frameworks */ = {
			isa = PBXFrameworksBuildPhase;
			buildActionMask = 2147483647;
			files = (
				FA2B6F67C57920BC611BB5A4 /* Pods_ArticlesApp.framework in Frameworks */,
			);
			runOnlyForDeploymentPostprocessing = 0;
		};
		F87A684D27D3464400F0B2CB /* Frameworks */ = {
			isa = PBXFrameworksBuildPhase;
			buildActionMask = 2147483647;
			files = (
				CFF3535FF98F5CC4778E51E8 /* Pods_ArticlesAppTests.framework in Frameworks */,
			);
			runOnlyForDeploymentPostprocessing = 0;
		};
		F87A685727D3464500F0B2CB /* Frameworks */ = {
			isa = PBXFrameworksBuildPhase;
			buildActionMask = 2147483647;
			files = (
				53E6520AB6585F7C1D72B9F4 /* Pods_ArticlesApp_ArticlesAppUITests.framework in Frameworks */,
			);
			runOnlyForDeploymentPostprocessing = 0;
		};
/* End PBXFrameworksBuildPhase section */

/* Begin PBXGroup section */
		7FA59CB83CC93827B3499AB4 /* Pods */ = {
			isa = PBXGroup;
			children = (
				A556ECD830871AB769A13B63 /* Pods-ArticlesApp.debug.xcconfig */,
				0508FB6B999D4F4C1B988A49 /* Pods-ArticlesApp.release.xcconfig */,
				BB15A61BE4C3952A20A34539 /* Pods-ArticlesApp-ArticlesAppUITests.debug.xcconfig */,
				6B05CB7990CB9F35D848C681 /* Pods-ArticlesApp-ArticlesAppUITests.release.xcconfig */,
				A45EF0C00A286DAA8E9FE556 /* Pods-ArticlesAppTests.debug.xcconfig */,
				0503B67400B98B2DC8D71CFC /* Pods-ArticlesAppTests.release.xcconfig */,
			);
			path = Pods;
			sourceTree = "<group>";
		};
		B7E8303435D94AB89106A668 /* Frameworks */ = {
			isa = PBXGroup;
			children = (
				6F5FE73334638265CC03C121 /* Pods_ArticlesApp.framework */,
				73A22F359A6690562EDF28F9 /* Pods_ArticlesApp_ArticlesAppUITests.framework */,
				3759493666312D6BFABDBB25 /* Pods_ArticlesAppTests.framework */,
			);
			name = Frameworks;
			sourceTree = "<group>";
		};
		F87A683127D3463D00F0B2CB = {
			isa = PBXGroup;
			children = (
				F87A683C27D3463E00F0B2CB /* ArticlesApp */,
				F87A685327D3464400F0B2CB /* ArticlesAppTests */,
				F87A685D27D3464500F0B2CB /* ArticlesAppUITests */,
				F87A683B27D3463E00F0B2CB /* Products */,
				7FA59CB83CC93827B3499AB4 /* Pods */,
				B7E8303435D94AB89106A668 /* Frameworks */,
			);
			sourceTree = "<group>";
		};
		F87A683B27D3463E00F0B2CB /* Products */ = {
			isa = PBXGroup;
			children = (
				F87A683A27D3463E00F0B2CB /* ArticlesApp.app */,
				F87A685027D3464400F0B2CB /* ArticlesAppTests.xctest */,
				F87A685A27D3464500F0B2CB /* ArticlesAppUITests.xctest */,
			);
			name = Products;
			sourceTree = "<group>";
		};
		F87A683C27D3463E00F0B2CB /* ArticlesApp */ = {
			isa = PBXGroup;
			children = (
				F87A686F27D348F400F0B2CB /* SupportFiles */,
				F87A686E27D348E100F0B2CB /* Scenes */,
				F87A686D27D348D000F0B2CB /* Modules */,
			);
			path = ArticlesApp;
			sourceTree = "<group>";
		};
		F87A685327D3464400F0B2CB /* ArticlesAppTests */ = {
			isa = PBXGroup;
			children = (
				F87A685427D3464400F0B2CB /* ArticlesAppTests.swift */,
			);
			path = ArticlesAppTests;
			sourceTree = "<group>";
		};
		F87A685D27D3464500F0B2CB /* ArticlesAppUITests */ = {
			isa = PBXGroup;
			children = (
				F87A685E27D3464500F0B2CB /* ArticlesAppUITests.swift */,
				F87A686027D3464500F0B2CB /* ArticlesAppUITestsLaunchTests.swift */,
			);
			path = ArticlesAppUITests;
			sourceTree = "<group>";
		};
		F87A686D27D348D000F0B2CB /* Modules */ = {
			isa = PBXGroup;
			children = (
				F87A688727D3523500F0B2CB /* Network */,
				F87A688327D34AF300F0B2CB /* Extensions */,
				F87A687527D349AF00F0B2CB /* Navigation */,
			);
			path = Modules;
			sourceTree = "<group>";
		};
		F87A686E27D348E100F0B2CB /* Scenes */ = {
			isa = PBXGroup;
			children = (
				F87A687027D3495F00F0B2CB /* Articles */,
			);
			path = Scenes;
			sourceTree = "<group>";
		};
		F87A686F27D348F400F0B2CB /* SupportFiles */ = {
			isa = PBXGroup;
			children = (
				F87A684B27D3464300F0B2CB /* Info.plist */,
				F87A683D27D3463E00F0B2CB /* AppDelegate.swift */,
				F87A684627D3464300F0B2CB /* Assets.xcassets */,
				F87A684827D3464300F0B2CB /* LaunchScreen.storyboard */,
			);
			path = SupportFiles;
			sourceTree = "<group>";
		};
		F87A687027D3495F00F0B2CB /* Articles */ = {
			isa = PBXGroup;
			children = (
				F87A689327D3583700F0B2CB /* model */,
				F87A689227D3582D00F0B2CB /* viewModel */,
				F87A689127D3582100F0B2CB /* view */,
				F87A689F27D3643600F0B2CB /* ArticlesModelsAPI.swift */,
			);
			path = Articles;
			sourceTree = "<group>";
		};
		F87A687527D349AF00F0B2CB /* Navigation */ = {
			isa = PBXGroup;
			children = (
				F87A687727D349D200F0B2CB /* Navigator.swift */,
				F87A687927D349F500F0B2CB /* Destinations.swift */,
			);
			path = Navigation;
			sourceTree = "<group>";
		};
		F87A688327D34AF300F0B2CB /* Extensions */ = {
			isa = PBXGroup;
			children = (
				F87A688427D34B0C00F0B2CB /* Loadable.swift */,
				F87A689B27D35C2A00F0B2CB /* UITableView+Extentions.swift */,
			);
			path = Extensions;
			sourceTree = "<group>";
		};
		F87A688727D3523500F0B2CB /* Network */ = {
			isa = PBXGroup;
			children = (
				F87A688827D3527300F0B2CB /* ApiError.swift */,
				F87A688A27D3529000F0B2CB /* Constants.swift */,
				F87A688C27D352A900F0B2CB /* ApiRouter.swift */,
				F87A688F27D352CE00F0B2CB /* ApiClient.swift */,
			);
			path = Network;
			sourceTree = "<group>";
		};
		F87A689127D3582100F0B2CB /* view */ = {
			isa = PBXGroup;
			children = (
				F87A689627D358B300F0B2CB /* Cell */,
				F87A687127D3499D00F0B2CB /* ArticlesVC.swift */,
				F87A687227D3499D00F0B2CB /* ArticlesVC.xib */,
			);
			path = view;
			sourceTree = "<group>";
		};
		F87A689227D3582D00F0B2CB /* viewModel */ = {
			isa = PBXGroup;
			children = (
				F87A689D27D360F100F0B2CB /* ArticlesViewModel.swift */,
			);
			path = viewModel;
			sourceTree = "<group>";
		};
		F87A689327D3583700F0B2CB /* model */ = {
			isa = PBXGroup;
			children = (
				F87A689427D3586B00F0B2CB /* ArticlesModel.swift */,
			);
			path = model;
			sourceTree = "<group>";
		};
		F87A689627D358B300F0B2CB /* Cell */ = {
			isa = PBXGroup;
			children = (
				F87A689727D358E200F0B2CB /* ArticlesTableViewCell.swift */,
				F87A689827D358E200F0B2CB /* ArticlesTableViewCell.xib */,
			);
			path = Cell;
			sourceTree = "<group>";
		};
/* End PBXGroup section */

/* Begin PBXNativeTarget section */
		F87A683927D3463E00F0B2CB /* ArticlesApp */ = {
			isa = PBXNativeTarget;
			buildConfigurationList = F87A686427D3464500F0B2CB /* Build configuration list for PBXNativeTarget "ArticlesApp" */;
			buildPhases = (
				C98F11DB7D5B0B89FE0ECA26 /* [CP] Check Pods Manifest.lock */,
				F87A683627D3463E00F0B2CB /* Sources */,
				F87A683727D3463E00F0B2CB /* Frameworks */,
				F87A683827D3463E00F0B2CB /* Resources */,
				0AD4E3C2C812969D5614B9CD /* [CP] Embed Pods Frameworks */,
			);
			buildRules = (
			);
			dependencies = (
			);
			name = ArticlesApp;
			productName = ArticlesApp;
			productReference = F87A683A27D3463E00F0B2CB /* ArticlesApp.app */;
			productType = "com.apple.product-type.application";
		};
		F87A684F27D3464400F0B2CB /* ArticlesAppTests */ = {
			isa = PBXNativeTarget;
			buildConfigurationList = F87A686727D3464500F0B2CB /* Build configuration list for PBXNativeTarget "ArticlesAppTests" */;
			buildPhases = (
				6B81584796D00E38FD9D596E /* [CP] Check Pods Manifest.lock */,
				F87A684C27D3464400F0B2CB /* Sources */,
				F87A684D27D3464400F0B2CB /* Frameworks */,
				F87A684E27D3464400F0B2CB /* Resources */,
			);
			buildRules = (
			);
			dependencies = (
				F87A685227D3464400F0B2CB /* PBXTargetDependency */,
			);
			name = ArticlesAppTests;
			productName = ArticlesAppTests;
			productReference = F87A685027D3464400F0B2CB /* ArticlesAppTests.xctest */;
			productType = "com.apple.product-type.bundle.unit-test";
		};
		F87A685927D3464500F0B2CB /* ArticlesAppUITests */ = {
			isa = PBXNativeTarget;
			buildConfigurationList = F87A686A27D3464500F0B2CB /* Build configuration list for PBXNativeTarget "ArticlesAppUITests" */;
			buildPhases = (
				AAED40E6DC3FB32726F7069F /* [CP] Check Pods Manifest.lock */,
				F87A685627D3464500F0B2CB /* Sources */,
				F87A685727D3464500F0B2CB /* Frameworks */,
				F87A685827D3464500F0B2CB /* Resources */,
				2129301D96E60684929C32C1 /* [CP] Embed Pods Frameworks */,
			);
			buildRules = (
			);
			dependencies = (
				F87A685C27D3464500F0B2CB /* PBXTargetDependency */,
			);
			name = ArticlesAppUITests;
			productName = ArticlesAppUITests;
			productReference = F87A685A27D3464500F0B2CB /* ArticlesAppUITests.xctest */;
			productType = "com.apple.product-type.bundle.ui-testing";
		};
/* End PBXNativeTarget section */

/* Begin PBXProject section */
		F87A683227D3463D00F0B2CB /* Project object */ = {
			isa = PBXProject;
			attributes = {
				BuildIndependentTargetsInParallel = 1;
				LastSwiftUpdateCheck = 1310;
				LastUpgradeCheck = 1310;
				TargetAttributes = {
					F87A683927D3463E00F0B2CB = {
						CreatedOnToolsVersion = 13.1;
					};
					F87A684F27D3464400F0B2CB = {
						CreatedOnToolsVersion = 13.1;
						TestTargetID = F87A683927D3463E00F0B2CB;
					};
					F87A685927D3464500F0B2CB = {
						CreatedOnToolsVersion = 13.1;
						TestTargetID = F87A683927D3463E00F0B2CB;
					};
				};
			};
			buildConfigurationList = F87A683527D3463D00F0B2CB /* Build configuration list for PBXProject "ArticlesApp" */;
			compatibilityVersion = "Xcode 13.0";
			developmentRegion = en;
			hasScannedForEncodings = 0;
			knownRegions = (
				en,
				Base,
			);
			mainGroup = F87A683127D3463D00F0B2CB;
			productRefGroup = F87A683B27D3463E00F0B2CB /* Products */;
			projectDirPath = "";
			projectRoot = "";
			targets = (
				F87A683927D3463E00F0B2CB /* ArticlesApp */,
				F87A684F27D3464400F0B2CB /* ArticlesAppTests */,
				F87A685927D3464500F0B2CB /* ArticlesAppUITests */,
			);
		};
/* End PBXProject section */

/* Begin PBXResourcesBuildPhase section */
		F87A683827D3463E00F0B2CB /* Resources */ = {
			isa = PBXResourcesBuildPhase;
			buildActionMask = 2147483647;
			files = (
				F87A689A27D358E200F0B2CB /* ArticlesTableViewCell.xib in Resources */,
				F87A684A27D3464300F0B2CB /* LaunchScreen.storyboard in Resources */,
				F87A687427D3499D00F0B2CB /* ArticlesVC.xib in Resources */,
				F87A684727D3464300F0B2CB /* Assets.xcassets in Resources */,
			);
			runOnlyForDeploymentPostprocessing = 0;
		};
		F87A684E27D3464400F0B2CB /* Resources */ = {
			isa = PBXResourcesBuildPhase;
			buildActionMask = 2147483647;
			files = (
			);
			runOnlyForDeploymentPostprocessing = 0;
		};
		F87A685827D3464500F0B2CB /* Resources */ = {
			isa = PBXResourcesBuildPhase;
			buildActionMask = 2147483647;
			files = (
			);
			runOnlyForDeploymentPostprocessing = 0;
		};
/* End PBXResourcesBuildPhase section */

/* Begin PBXShellScriptBuildPhase section */
		0AD4E3C2C812969D5614B9CD /* [CP] Embed Pods Frameworks */ = {
			isa = PBXShellScriptBuildPhase;
			buildActionMask = 2147483647;
			files = (
			);
			inputFileListPaths = (
				"${PODS_ROOT}/Target Support Files/Pods-ArticlesApp/Pods-ArticlesApp-frameworks-${CONFIGURATION}-input-files.xcfilelist",
			);
			name = "[CP] Embed Pods Frameworks";
			outputFileListPaths = (
				"${PODS_ROOT}/Target Support Files/Pods-ArticlesApp/Pods-ArticlesApp-frameworks-${CONFIGURATION}-output-files.xcfilelist",
			);
			runOnlyForDeploymentPostprocessing = 0;
			shellPath = /bin/sh;
			shellScript = "\"${PODS_ROOT}/Target Support Files/Pods-ArticlesApp/Pods-ArticlesApp-frameworks.sh\"\n";
			showEnvVarsInLog = 0;
		};
		2129301D96E60684929C32C1 /* [CP] Embed Pods Frameworks */ = {
			isa = PBXShellScriptBuildPhase;
			buildActionMask = 2147483647;
			files = (
			);
			inputFileListPaths = (
				"${PODS_ROOT}/Target Support Files/Pods-ArticlesApp-ArticlesAppUITests/Pods-ArticlesApp-ArticlesAppUITests-frameworks-${CONFIGURATION}-input-files.xcfilelist",
			);
			name = "[CP] Embed Pods Frameworks";
			outputFileListPaths = (
				"${PODS_ROOT}/Target Support Files/Pods-ArticlesApp-ArticlesAppUITests/Pods-ArticlesApp-ArticlesAppUITests-frameworks-${CONFIGURATION}-output-files.xcfilelist",
			);
			runOnlyForDeploymentPostprocessing = 0;
			shellPath = /bin/sh;
			shellScript = "\"${PODS_ROOT}/Target Support Files/Pods-ArticlesApp-ArticlesAppUITests/Pods-ArticlesApp-ArticlesAppUITests-frameworks.sh\"\n";
			showEnvVarsInLog = 0;
		};
		6B81584796D00E38FD9D596E /* [CP] Check Pods Manifest.lock */ = {
			isa = PBXShellScriptBuildPhase;
			buildActionMask = 2147483647;
			files = (
			);
			inputFileListPaths = (
			);
			inputPaths = (
				"${PODS_PODFILE_DIR_PATH}/Podfile.lock",
				"${PODS_ROOT}/Manifest.lock",
			);
			name = "[CP] Check Pods Manifest.lock";
			outputFileListPaths = (
			);
			outputPaths = (
				"$(DERIVED_FILE_DIR)/Pods-ArticlesAppTests-checkManifestLockResult.txt",
			);
			runOnlyForDeploymentPostprocessing = 0;
			shellPath = /bin/sh;
			shellScript = "diff \"${PODS_PODFILE_DIR_PATH}/Podfile.lock\" \"${PODS_ROOT}/Manifest.lock\" > /dev/null\nif [ $? != 0 ] ; then\n    # print error to STDERR\n    echo \"error: The sandbox is not in sync with the Podfile.lock. Run 'pod install' or update your CocoaPods installation.\" >&2\n    exit 1\nfi\n# This output is used by Xcode 'outputs' to avoid re-running this script phase.\necho \"SUCCESS\" > \"${SCRIPT_OUTPUT_FILE_0}\"\n";
			showEnvVarsInLog = 0;
		};
		AAED40E6DC3FB32726F7069F /* [CP] Check Pods Manifest.lock */ = {
			isa = PBXShellScriptBuildPhase;
			buildActionMask = 2147483647;
			files = (
			);
			inputFileListPaths = (
			);
			inputPaths = (
				"${PODS_PODFILE_DIR_PATH}/Podfile.lock",
				"${PODS_ROOT}/Manifest.lock",
			);
			name = "[CP] Check Pods Manifest.lock";
			outputFileListPaths = (
			);
			outputPaths = (
				"$(DERIVED_FILE_DIR)/Pods-ArticlesApp-ArticlesAppUITests-checkManifestLockResult.txt",
			);
			runOnlyForDeploymentPostprocessing = 0;
			shellPath = /bin/sh;
			shellScript = "diff \"${PODS_PODFILE_DIR_PATH}/Podfile.lock\" \"${PODS_ROOT}/Manifest.lock\" > /dev/null\nif [ $? != 0 ] ; then\n    # print error to STDERR\n    echo \"error: The sandbox is not in sync with the Podfile.lock. Run 'pod install' or update your CocoaPods installation.\" >&2\n    exit 1\nfi\n# This output is used by Xcode 'outputs' to avoid re-running this script phase.\necho \"SUCCESS\" > \"${SCRIPT_OUTPUT_FILE_0}\"\n";
			showEnvVarsInLog = 0;
		};
		C98F11DB7D5B0B89FE0ECA26 /* [CP] Check Pods Manifest.lock */ = {
			isa = PBXShellScriptBuildPhase;
			buildActionMask = 2147483647;
			files = (
			);
			inputFileListPaths = (
			);
			inputPaths = (
				"${PODS_PODFILE_DIR_PATH}/Podfile.lock",
				"${PODS_ROOT}/Manifest.lock",
			);
			name = "[CP] Check Pods Manifest.lock";
			outputFileListPaths = (
			);
			outputPaths = (
				"$(DERIVED_FILE_DIR)/Pods-ArticlesApp-checkManifestLockResult.txt",
			);
			runOnlyForDeploymentPostprocessing = 0;
			shellPath = /bin/sh;
			shellScript = "diff \"${PODS_PODFILE_DIR_PATH}/Podfile.lock\" \"${PODS_ROOT}/Manifest.lock\" > /dev/null\nif [ $? != 0 ] ; then\n    # print error to STDERR\n    echo \"error: The sandbox is not in sync with the Podfile.lock. Run 'pod install' or update your CocoaPods installation.\" >&2\n    exit 1\nfi\n# This output is used by Xcode 'outputs' to avoid re-running this script phase.\necho \"SUCCESS\" > \"${SCRIPT_OUTPUT_FILE_0}\"\n";
			showEnvVarsInLog = 0;
		};
/* End PBXShellScriptBuildPhase section */

/* Begin PBXSourcesBuildPhase section */
		F87A683627D3463E00F0B2CB /* Sources */ = {
			isa = PBXSourcesBuildPhase;
			buildActionMask = 2147483647;
			files = (
				F87A683E27D3463E00F0B2CB /* AppDelegate.swift in Sources */,
				F87A687327D3499D00F0B2CB /* ArticlesVC.swift in Sources */,
				F87A689027D352CE00F0B2CB /* ApiClient.swift in Sources */,
				F87A688527D34B0C00F0B2CB /* Loadable.swift in Sources */,
				F87A689C27D35C2A00F0B2CB /* UITableView+Extentions.swift in Sources */,
				F87A687A27D349F500F0B2CB /* Destinations.swift in Sources */,
				F87A688B27D3529000F0B2CB /* Constants.swift in Sources */,
				F87A688D27D352A900F0B2CB /* ApiRouter.swift in Sources */,
				F87A687827D349D200F0B2CB /* Navigator.swift in Sources */,
				F87A689527D3586B00F0B2CB /* ArticlesModel.swift in Sources */,
				F87A689E27D360F100F0B2CB /* ArticlesViewModel.swift in Sources */,
				F87A68A027D3643600F0B2CB /* ArticlesModelsAPI.swift in Sources */,
				F87A688927D3527300F0B2CB /* ApiError.swift in Sources */,
				F87A689927D358E200F0B2CB /* ArticlesTableViewCell.swift in Sources */,
			);
			runOnlyForDeploymentPostprocessing = 0;
		};
		F87A684C27D3464400F0B2CB /* Sources */ = {
			isa = PBXSourcesBuildPhase;
			buildActionMask = 2147483647;
			files = (
				F87A685527D3464400F0B2CB /* ArticlesAppTests.swift in Sources */,
			);
			runOnlyForDeploymentPostprocessing = 0;
		};
		F87A685627D3464500F0B2CB /* Sources */ = {
			isa = PBXSourcesBuildPhase;
			buildActionMask = 2147483647;
			files = (
				F87A685F27D3464500F0B2CB /* ArticlesAppUITests.swift in Sources */,
				F87A686127D3464500F0B2CB /* ArticlesAppUITestsLaunchTests.swift in Sources */,
			);
			runOnlyForDeploymentPostprocessing = 0;
		};
/* End PBXSourcesBuildPhase section */

/* Begin PBXTargetDependency section */
		F87A685227D3464400F0B2CB /* PBXTargetDependency */ = {
			isa = PBXTargetDependency;
			target = F87A683927D3463E00F0B2CB /* ArticlesApp */;
			targetProxy = F87A685127D3464400F0B2CB /* PBXContainerItemProxy */;
		};
		F87A685C27D3464500F0B2CB /* PBXTargetDependency */ = {
			isa = PBXTargetDependency;
			target = F87A683927D3463E00F0B2CB /* ArticlesApp */;
			targetProxy = F87A685B27D3464500F0B2CB /* PBXContainerItemProxy */;
		};
/* End PBXTargetDependency section */

/* Begin PBXVariantGroup section */
		F87A684827D3464300F0B2CB /* LaunchScreen.storyboard */ = {
			isa = PBXVariantGroup;
			children = (
				F87A684927D3464300F0B2CB /* Base */,
			);
			name = LaunchScreen.storyboard;
			sourceTree = "<group>";
		};
/* End PBXVariantGroup section */

/* Begin XCBuildConfiguration section */
		F87A686227D3464500F0B2CB /* Debug */ = {
			isa = XCBuildConfiguration;
			buildSettings = {
				ALWAYS_SEARCH_USER_PATHS = NO;
				CLANG_ANALYZER_NONNULL = YES;
				CLANG_ANALYZER_NUMBER_OBJECT_CONVERSION = YES_AGGRESSIVE;
				CLANG_CXX_LANGUAGE_STANDARD = "gnu++17";
				CLANG_CXX_LIBRARY = "libc++";
				CLANG_ENABLE_MODULES = YES;
				CLANG_ENABLE_OBJC_ARC = YES;
				CLANG_ENABLE_OBJC_WEAK = YES;
				CLANG_WARN_BLOCK_CAPTURE_AUTORELEASING = YES;
				CLANG_WARN_BOOL_CONVERSION = YES;
				CLANG_WARN_COMMA = YES;
				CLANG_WARN_CONSTANT_CONVERSION = YES;
				CLANG_WARN_DEPRECATED_OBJC_IMPLEMENTATIONS = YES;
				CLANG_WARN_DIRECT_OBJC_ISA_USAGE = YES_ERROR;
				CLANG_WARN_DOCUMENTATION_COMMENTS = YES;
				CLANG_WARN_EMPTY_BODY = YES;
				CLANG_WARN_ENUM_CONVERSION = YES;
				CLANG_WARN_INFINITE_RECURSION = YES;
				CLANG_WARN_INT_CONVERSION = YES;
				CLANG_WARN_NON_LITERAL_NULL_CONVERSION = YES;
				CLANG_WARN_OBJC_IMPLICIT_RETAIN_SELF = YES;
				CLANG_WARN_OBJC_LITERAL_CONVERSION = YES;
				CLANG_WARN_OBJC_ROOT_CLASS = YES_ERROR;
				CLANG_WARN_QUOTED_INCLUDE_IN_FRAMEWORK_HEADER = YES;
				CLANG_WARN_RANGE_LOOP_ANALYSIS = YES;
				CLANG_WARN_STRICT_PROTOTYPES = YES;
				CLANG_WARN_SUSPICIOUS_MOVE = YES;
				CLANG_WARN_UNGUARDED_AVAILABILITY = YES_AGGRESSIVE;
				CLANG_WARN_UNREACHABLE_CODE = YES;
				CLANG_WARN__DUPLICATE_METHOD_MATCH = YES;
				COPY_PHASE_STRIP = NO;
				DEBUG_INFORMATION_FORMAT = dwarf;
				ENABLE_STRICT_OBJC_MSGSEND = YES;
				ENABLE_TESTABILITY = YES;
				GCC_C_LANGUAGE_STANDARD = gnu11;
				GCC_DYNAMIC_NO_PIC = NO;
				GCC_NO_COMMON_BLOCKS = YES;
				GCC_OPTIMIZATION_LEVEL = 0;
				GCC_PREPROCESSOR_DEFINITIONS = (
					"DEBUG=1",
					"$(inherited)",
				);
				GCC_WARN_64_TO_32_BIT_CONVERSION = YES;
				GCC_WARN_ABOUT_RETURN_TYPE = YES_ERROR;
				GCC_WARN_UNDECLARED_SELECTOR = YES;
				GCC_WARN_UNINITIALIZED_AUTOS = YES_AGGRESSIVE;
				GCC_WARN_UNUSED_FUNCTION = YES;
				GCC_WARN_UNUSED_VARIABLE = YES;
				IPHONEOS_DEPLOYMENT_TARGET = 15.0;
				MTL_ENABLE_DEBUG_INFO = INCLUDE_SOURCE;
				MTL_FAST_MATH = YES;
				ONLY_ACTIVE_ARCH = YES;
				SDKROOT = iphoneos;
				SWIFT_ACTIVE_COMPILATION_CONDITIONS = DEBUG;
				SWIFT_OPTIMIZATION_LEVEL = "-Onone";
			};
			name = Debug;
		};
		F87A686327D3464500F0B2CB /* Release */ = {
			isa = XCBuildConfiguration;
			buildSettings = {
				ALWAYS_SEARCH_USER_PATHS = NO;
				CLANG_ANALYZER_NONNULL = YES;
				CLANG_ANALYZER_NUMBER_OBJECT_CONVERSION = YES_AGGRESSIVE;
				CLANG_CXX_LANGUAGE_STANDARD = "gnu++17";
				CLANG_CXX_LIBRARY = "libc++";
				CLANG_ENABLE_MODULES = YES;
				CLANG_ENABLE_OBJC_ARC = YES;
				CLANG_ENABLE_OBJC_WEAK = YES;
				CLANG_WARN_BLOCK_CAPTURE_AUTORELEASING = YES;
				CLANG_WARN_BOOL_CONVERSION = YES;
				CLANG_WARN_COMMA = YES;
				CLANG_WARN_CONSTANT_CONVERSION = YES;
				CLANG_WARN_DEPRECATED_OBJC_IMPLEMENTATIONS = YES;
				CLANG_WARN_DIRECT_OBJC_ISA_USAGE = YES_ERROR;
				CLANG_WARN_DOCUMENTATION_COMMENTS = YES;
				CLANG_WARN_EMPTY_BODY = YES;
				CLANG_WARN_ENUM_CONVERSION = YES;
				CLANG_WARN_INFINITE_RECURSION = YES;
				CLANG_WARN_INT_CONVERSION = YES;
				CLANG_WARN_NON_LITERAL_NULL_CONVERSION = YES;
				CLANG_WARN_OBJC_IMPLICIT_RETAIN_SELF = YES;
				CLANG_WARN_OBJC_LITERAL_CONVERSION = YES;
				CLANG_WARN_OBJC_ROOT_CLASS = YES_ERROR;
				CLANG_WARN_QUOTED_INCLUDE_IN_FRAMEWORK_HEADER = YES;
				CLANG_WARN_RANGE_LOOP_ANALYSIS = YES;
				CLANG_WARN_STRICT_PROTOTYPES = YES;
				CLANG_WARN_SUSPICIOUS_MOVE = YES;
				CLANG_WARN_UNGUARDED_AVAILABILITY = YES_AGGRESSIVE;
				CLANG_WARN_UNREACHABLE_CODE = YES;
				CLANG_WARN__DUPLICATE_METHOD_MATCH = YES;
				COPY_PHASE_STRIP = NO;
				DEBUG_INFORMATION_FORMAT = "dwarf-with-dsym";
				ENABLE_NS_ASSERTIONS = NO;
				ENABLE_STRICT_OBJC_MSGSEND = YES;
				GCC_C_LANGUAGE_STANDARD = gnu11;
				GCC_NO_COMMON_BLOCKS = YES;
				GCC_WARN_64_TO_32_BIT_CONVERSION = YES;
				GCC_WARN_ABOUT_RETURN_TYPE = YES_ERROR;
				GCC_WARN_UNDECLARED_SELECTOR = YES;
				GCC_WARN_UNINITIALIZED_AUTOS = YES_AGGRESSIVE;
				GCC_WARN_UNUSED_FUNCTION = YES;
				GCC_WARN_UNUSED_VARIABLE = YES;
				IPHONEOS_DEPLOYMENT_TARGET = 15.0;
				MTL_ENABLE_DEBUG_INFO = NO;
				MTL_FAST_MATH = YES;
				SDKROOT = iphoneos;
				SWIFT_COMPILATION_MODE = wholemodule;
				SWIFT_OPTIMIZATION_LEVEL = "-O";
				VALIDATE_PRODUCT = YES;
			};
			name = Release;
		};
		F87A686527D3464500F0B2CB /* Debug */ = {
			isa = XCBuildConfiguration;
			baseConfigurationReference = A556ECD830871AB769A13B63 /* Pods-ArticlesApp.debug.xcconfig */;
			buildSettings = {
				ASSETCATALOG_COMPILER_APPICON_NAME = AppIcon;
				ASSETCATALOG_COMPILER_GLOBAL_ACCENT_COLOR_NAME = AccentColor;
				CODE_SIGN_STYLE = Automatic;
				CURRENT_PROJECT_VERSION = 1;
				GENERATE_INFOPLIST_FILE = YES;
				INFOPLIST_FILE = ArticlesApp/SupportFiles/Info.plist;
				INFOPLIST_KEY_UIApplicationSupportsIndirectInputEvents = YES;
				INFOPLIST_KEY_UILaunchStoryboardName = LaunchScreen;
				INFOPLIST_KEY_UIRequiredDeviceCapabilities = armv7;
				INFOPLIST_KEY_UISupportedInterfaceOrientations = "UIInterfaceOrientationPortrait UIInterfaceOrientationPortraitUpsideDown UIInterfaceOrientationLandscapeLeft UIInterfaceOrientationLandscapeRight";
				INFOPLIST_KEY_UISupportedInterfaceOrientations_iPad = "UIInterfaceOrientationPortrait UIInterfaceOrientationPortraitUpsideDown UIInterfaceOrientationLandscapeLeft UIInterfaceOrientationLandscapeRight";
				INFOPLIST_KEY_UISupportedInterfaceOrientations_iPhone = "UIInterfaceOrientationPortrait UIInterfaceOrientationLandscapeLeft UIInterfaceOrientationLandscapeRight";
				INFOPLIST_KEY_UIUserInterfaceStyle = Light;
				LD_RUNPATH_SEARCH_PATHS = (
					"$(inherited)",
					"@executable_path/Frameworks",
				);
				MARKETING_VERSION = 1.0;
				PRODUCT_BUNDLE_IDENTIFIER = com.ArticlesApp;
				PRODUCT_NAME = "$(TARGET_NAME)";
				SWIFT_EMIT_LOC_STRINGS = YES;
				SWIFT_VERSION = 5.0;
				TARGETED_DEVICE_FAMILY = "1,2";
			};
			name = Debug;
		};
		F87A686627D3464500F0B2CB /* Release */ = {
			isa = XCBuildConfiguration;
			baseConfigurationReference = 0508FB6B999D4F4C1B988A49 /* Pods-ArticlesApp.release.xcconfig */;
			buildSettings = {
				ASSETCATALOG_COMPILER_APPICON_NAME = AppIcon;
				ASSETCATALOG_COMPILER_GLOBAL_ACCENT_COLOR_NAME = AccentColor;
				CODE_SIGN_STYLE = Automatic;
				CURRENT_PROJECT_VERSION = 1;
				GENERATE_INFOPLIST_FILE = YES;
				INFOPLIST_FILE = ArticlesApp/SupportFiles/Info.plist;
				INFOPLIST_KEY_UIApplicationSupportsIndirectInputEvents = YES;
				INFOPLIST_KEY_UILaunchStoryboardName = LaunchScreen;
				INFOPLIST_KEY_UIRequiredDeviceCapabilities = armv7;
				INFOPLIST_KEY_UISupportedInterfaceOrientations = "UIInterfaceOrientationPortrait UIInterfaceOrientationPortraitUpsideDown UIInterfaceOrientationLandscapeLeft UIInterfaceOrientationLandscapeRight";
				INFOPLIST_KEY_UISupportedInterfaceOrientations_iPad = "UIInterfaceOrientationPortrait UIInterfaceOrientationPortraitUpsideDown UIInterfaceOrientationLandscapeLeft UIInterfaceOrientationLandscapeRight";
				INFOPLIST_KEY_UISupportedInterfaceOrientations_iPhone = "UIInterfaceOrientationPortrait UIInterfaceOrientationLandscapeLeft UIInterfaceOrientationLandscapeRight";
				INFOPLIST_KEY_UIUserInterfaceStyle = Light;
				LD_RUNPATH_SEARCH_PATHS = (
					"$(inherited)",
					"@executable_path/Frameworks",
				);
				MARKETING_VERSION = 1.0;
				PRODUCT_BUNDLE_IDENTIFIER = com.ArticlesApp;
				PRODUCT_NAME = "$(TARGET_NAME)";
				SWIFT_EMIT_LOC_STRINGS = YES;
				SWIFT_VERSION = 5.0;
				TARGETED_DEVICE_FAMILY = "1,2";
			};
			name = Release;
		};
		F87A686827D3464500F0B2CB /* Debug */ = {
			isa = XCBuildConfiguration;
			baseConfigurationReference = A45EF0C00A286DAA8E9FE556 /* Pods-ArticlesAppTests.debug.xcconfig */;
			buildSettings = {
				ALWAYS_EMBED_SWIFT_STANDARD_LIBRARIES = YES;
				BUNDLE_LOADER = "$(TEST_HOST)";
				CODE_SIGN_STYLE = Automatic;
				CURRENT_PROJECT_VERSION = 1;
				GENERATE_INFOPLIST_FILE = YES;
				IPHONEOS_DEPLOYMENT_TARGET = 15.0;
				LD_RUNPATH_SEARCH_PATHS = (
					"$(inherited)",
					"@executable_path/Frameworks",
					"@loader_path/Frameworks",
				);
				MARKETING_VERSION = 1.0;
				PRODUCT_BUNDLE_IDENTIFIER = com.ArticlesAppTests;
				PRODUCT_NAME = "$(TARGET_NAME)";
				SWIFT_EMIT_LOC_STRINGS = NO;
				SWIFT_VERSION = 5.0;
				TARGETED_DEVICE_FAMILY = "1,2";
				TEST_HOST = "$(BUILT_PRODUCTS_DIR)/ArticlesApp.app/ArticlesApp";
			};
			name = Debug;
		};
		F87A686927D3464500F0B2CB /* Release */ = {
			isa = XCBuildConfiguration;
			baseConfigurationReference = 0503B67400B98B2DC8D71CFC /* Pods-ArticlesAppTests.release.xcconfig */;
			buildSettings = {
				ALWAYS_EMBED_SWIFT_STANDARD_LIBRARIES = YES;
				BUNDLE_LOADER = "$(TEST_HOST)";
				CODE_SIGN_STYLE = Automatic;
				CURRENT_PROJECT_VERSION = 1;
				GENERATE_INFOPLIST_FILE = YES;
				IPHONEOS_DEPLOYMENT_TARGET = 15.0;
				LD_RUNPATH_SEARCH_PATHS = (
					"$(inherited)",
					"@executable_path/Frameworks",
					"@loader_path/Frameworks",
				);
				MARKETING_VERSION = 1.0;
				PRODUCT_BUNDLE_IDENTIFIER = com.ArticlesAppTests;
				PRODUCT_NAME = "$(TARGET_NAME)";
				SWIFT_EMIT_LOC_STRINGS = NO;
				SWIFT_VERSION = 5.0;
				TARGETED_DEVICE_FAMILY = "1,2";
				TEST_HOST = "$(BUILT_PRODUCTS_DIR)/ArticlesApp.app/ArticlesApp";
			};
			name = Release;
		};
		F87A686B27D3464500F0B2CB /* Debug */ = {
			isa = XCBuildConfiguration;
			baseConfigurationReference = BB15A61BE4C3952A20A34539 /* Pods-ArticlesApp-ArticlesAppUITests.debug.xcconfig */;
			buildSettings = {
				ALWAYS_EMBED_SWIFT_STANDARD_LIBRARIES = YES;
				CODE_SIGN_STYLE = Automatic;
				CURRENT_PROJECT_VERSION = 1;
				GENERATE_INFOPLIST_FILE = YES;
				LD_RUNPATH_SEARCH_PATHS = (
					"$(inherited)",
					"@executable_path/Frameworks",
					"@loader_path/Frameworks",
				);
				MARKETING_VERSION = 1.0;
				PRODUCT_BUNDLE_IDENTIFIER = com.ArticlesAppUITests;
				PRODUCT_NAME = "$(TARGET_NAME)";
				SWIFT_EMIT_LOC_STRINGS = NO;
				SWIFT_VERSION = 5.0;
				TARGETED_DEVICE_FAMILY = "1,2";
				TEST_TARGET_NAME = ArticlesApp;
			};
			name = Debug;
		};
		F87A686C27D3464500F0B2CB /* Release */ = {
			isa = XCBuildConfiguration;
			baseConfigurationReference = 6B05CB7990CB9F35D848C681 /* Pods-ArticlesApp-ArticlesAppUITests.release.xcconfig */;
			buildSettings = {
				ALWAYS_EMBED_SWIFT_STANDARD_LIBRARIES = YES;
				CODE_SIGN_STYLE = Automatic;
				CURRENT_PROJECT_VERSION = 1;
				GENERATE_INFOPLIST_FILE = YES;
				LD_RUNPATH_SEARCH_PATHS = (
					"$(inherited)",
					"@executable_path/Frameworks",
					"@loader_path/Frameworks",
				);
				MARKETING_VERSION = 1.0;
				PRODUCT_BUNDLE_IDENTIFIER = com.ArticlesAppUITests;
				PRODUCT_NAME = "$(TARGET_NAME)";
				SWIFT_EMIT_LOC_STRINGS = NO;
				SWIFT_VERSION = 5.0;
				TARGETED_DEVICE_FAMILY = "1,2";
				TEST_TARGET_NAME = ArticlesApp;
			};
			name = Release;
		};
/* End XCBuildConfiguration section */

/* Begin XCConfigurationList section */
		F87A683527D3463D00F0B2CB /* Build configuration list for PBXProject "ArticlesApp" */ = {
			isa = XCConfigurationList;
			buildConfigurations = (
				F87A686227D3464500F0B2CB /* Debug */,
				F87A686327D3464500F0B2CB /* Release */,
			);
			defaultConfigurationIsVisible = 0;
			defaultConfigurationName = Release;
		};
		F87A686427D3464500F0B2CB /* Build configuration list for PBXNativeTarget "ArticlesApp" */ = {
			isa = XCConfigurationList;
			buildConfigurations = (
				F87A686527D3464500F0B2CB /* Debug */,
				F87A686627D3464500F0B2CB /* Release */,
			);
			defaultConfigurationIsVisible = 0;
			defaultConfigurationName = Release;
		};
		F87A686727D3464500F0B2CB /* Build configuration list for PBXNativeTarget "ArticlesAppTests" */ = {
			isa = XCConfigurationList;
			buildConfigurations = (
				F87A686827D3464500F0B2CB /* Debug */,
				F87A686927D3464500F0B2CB /* Release */,
			);
			defaultConfigurationIsVisible = 0;
			defaultConfigurationName = Release;
		};
		F87A686A27D3464500F0B2CB /* Build configuration list for PBXNativeTarget "ArticlesAppUITests" */ = {
			isa = XCConfigurationList;
			buildConfigurations = (
				F87A686B27D3464500F0B2CB /* Debug */,
				F87A686C27D3464500F0B2CB /* Release */,
			);
			defaultConfigurationIsVisible = 0;
			defaultConfigurationName = Release;
		};
/* End XCConfigurationList section */
	};
	rootObject = F87A683227D3463D00F0B2CB /* Project object */;
}
